
Microsoft Visual Studio Solution File, Format Version 12.00
# Visual Studio Version 17
VisualStudioVersion = 17.11.35312.102
MinimumVisualStudioVersion = 10.0.40219.1
Project("{FAE04EC0-301F-11D3-BF4B-00C04F79EFBC}") = "Hoi4UnitHistoryGenerator", "Hoi4UnitHistoryGenerator.csproj", "{6FF7F4D3-EF83-434E-8162-9EC058ACB4CD}"
EndProject
Global
	GlobalSection(SolutionConfigurationPlatforms) = preSolution
		Debug|Any CPU = Debug|Any CPU
		Release|Any CPU = Release|Any CPU
	EndGlobalSection
	GlobalSection(ProjectConfigurationPlatforms) = postSolution
		{6FF7F4D3-EF83-434E-8162-9EC058ACB4CD}.Debug|Any CPU.ActiveCfg = Debug|Any CPU
		{6FF7F4D3-EF83-434E-8162-9EC058ACB4CD}.Debug|Any CPU.Build.0 = Debug|Any CPU
		{6FF7F4D3-EF83-434E-8162-9EC058ACB4CD}.Release|Any CPU.ActiveCfg = Release|Any CPU
		{6FF7F4D3-EF83-434E-8162-9EC058ACB4CD}.Release|Any CPU.Build.0 = Release|Any CPU
	EndGlobalSection
	GlobalSection(SolutionProperties) = preSolution
		HideSolutionNode = FALSE
	EndGlobalSection
	GlobalSection(ExtensibilityGlobals) = postSolution
		SolutionGuid = {0AB7CBB1-8916-4F28-B4BE-5C634444433B}
	EndGlobalSection
EndGlobal
